// !$*UTF8*$!
{
	archiveVersion = 1;
	classes = {
	};
	objectVersion = 56;
	objects = {

/* Begin PBXBuildFile section */
		944E39EB2C37F24000896E0E /* LocationSearchActivationView.swift in Sources */ = {isa = PBXBuildFile; fileRef = 944E39EA2C37F24000896E0E /* LocationSearchActivationView.swift */; };
		944E39ED2C37F59500896E0E /* MapViewActionButton.swift in Sources */ = {isa = PBXBuildFile; fileRef = 944E39EC2C37F59500896E0E /* MapViewActionButton.swift */; };
		944E39EF2C37F71B00896E0E /* LocationSearchView.swift in Sources */ = {isa = PBXBuildFile; fileRef = 944E39EE2C37F71B00896E0E /* LocationSearchView.swift */; };
		944E39F12C37FB2C00896E0E /* LocationSearchResultsCell.swift in Sources */ = {isa = PBXBuildFile; fileRef = 944E39F02C37FB2C00896E0E /* LocationSearchResultsCell.swift */; };
		944E39F32C38057000896E0E /* LocationSearchViewModel.swift in Sources */ = {isa = PBXBuildFile; fileRef = 944E39F22C38057000896E0E /* LocationSearchViewModel.swift */; };
		944E39F62C38C5D200896E0E /* MapViewState.swift in Sources */ = {isa = PBXBuildFile; fileRef = 944E39F52C38C5D200896E0E /* MapViewState.swift */; };
		9452399E2C4FAF1800CB2BD6 /* DeveloperPreview.swift in Sources */ = {isa = PBXBuildFile; fileRef = 9452399D2C4FAF1800CB2BD6 /* DeveloperPreview.swift */; };
		945239A02C4FBC0200CB2BD6 /* HomeViewModel.swift in Sources */ = {isa = PBXBuildFile; fileRef = 9452399F2C4FBC0200CB2BD6 /* HomeViewModel.swift */; };
		945E8E032C39D5B400078EC9 /* RideRequestView.swift in Sources */ = {isa = PBXBuildFile; fileRef = 945E8E022C39D5B400078EC9 /* RideRequestView.swift */; };
		945E8E052C3AF28A00078EC9 /* RideType.swift in Sources */ = {isa = PBXBuildFile; fileRef = 945E8E042C3AF28A00078EC9 /* RideType.swift */; };
		945E8E072C3C790100078EC9 /* Double.swift in Sources */ = {isa = PBXBuildFile; fileRef = 945E8E062C3C790100078EC9 /* Double.swift */; };
		945E8E092C3C872300078EC9 /* UberLocation.swift in Sources */ = {isa = PBXBuildFile; fileRef = 945E8E082C3C872300078EC9 /* UberLocation.swift */; };
		945E8E0B2C3D9A0700078EC9 /* Color.swift in Sources */ = {isa = PBXBuildFile; fileRef = 945E8E0A2C3D9A0700078EC9 /* Color.swift */; };
		945E8E102C3DBFAC00078EC9 /* LoginView.swift in Sources */ = {isa = PBXBuildFile; fileRef = 945E8E0F2C3DBFAC00078EC9 /* LoginView.swift */; };
		945E8E122C3DBFBA00078EC9 /* RegistrationView.swift in Sources */ = {isa = PBXBuildFile; fileRef = 945E8E112C3DBFBA00078EC9 /* RegistrationView.swift */; };
		945E8E152C401EBE00078EC9 /* CustomInputField.swift in Sources */ = {isa = PBXBuildFile; fileRef = 945E8E142C401EBE00078EC9 /* CustomInputField.swift */; };
		945E8E1C2C4060F800078EC9 /* FirebaseAuth in Frameworks */ = {isa = PBXBuildFile; productRef = 945E8E1B2C4060F800078EC9 /* FirebaseAuth */; };
		945E8E1E2C4060F800078EC9 /* FirebaseFirestore in Frameworks */ = {isa = PBXBuildFile; productRef = 945E8E1D2C4060F800078EC9 /* FirebaseFirestore */; };
		945E8E202C4060F800078EC9 /* FirebaseFirestoreSwift in Frameworks */ = {isa = PBXBuildFile; productRef = 945E8E1F2C4060F800078EC9 /* FirebaseFirestoreSwift */; };
		945E8E222C4060F800078EC9 /* FirebaseStorage in Frameworks */ = {isa = PBXBuildFile; productRef = 945E8E212C4060F800078EC9 /* FirebaseStorage */; };
		945E8E242C40656F00078EC9 /* GoogleService-Info.plist in Resources */ = {isa = PBXBuildFile; fileRef = 945E8E232C40656F00078EC9 /* GoogleService-Info.plist */; };
		945E8E262C4067DC00078EC9 /* AuthViewModel.swift in Sources */ = {isa = PBXBuildFile; fileRef = 945E8E252C4067DC00078EC9 /* AuthViewModel.swift */; };
		945E8E282C411B4000078EC9 /* User.swift in Sources */ = {isa = PBXBuildFile; fileRef = 945E8E272C411B4000078EC9 /* User.swift */; };
		945E8E2D2C41AF2A00078EC9 /* SideMenuView.swift in Sources */ = {isa = PBXBuildFile; fileRef = 945E8E2C2C41AF2A00078EC9 /* SideMenuView.swift */; };
		945E8E2F2C41C5AC00078EC9 /* SideMenuOptionViewModel.swift in Sources */ = {isa = PBXBuildFile; fileRef = 945E8E2E2C41C5AC00078EC9 /* SideMenuOptionViewModel.swift */; };
		945E8E312C41CA1800078EC9 /* SideMenuOptionView.swift in Sources */ = {isa = PBXBuildFile; fileRef = 945E8E302C41CA1800078EC9 /* SideMenuOptionView.swift */; };
		9465107F2C3741FF002C0128 /* UberCloneApp.swift in Sources */ = {isa = PBXBuildFile; fileRef = 9465107E2C3741FF002C0128 /* UberCloneApp.swift */; };
		946510832C374200002C0128 /* Assets.xcassets in Resources */ = {isa = PBXBuildFile; fileRef = 946510822C374200002C0128 /* Assets.xcassets */; };
		946510862C374200002C0128 /* Preview Assets.xcassets in Resources */ = {isa = PBXBuildFile; fileRef = 946510852C374200002C0128 /* Preview Assets.xcassets */; };
		946510962C37442E002C0128 /* HomeView.swift in Sources */ = {isa = PBXBuildFile; fileRef = 946510952C37442E002C0128 /* HomeView.swift */; };
		946510982C37452F002C0128 /* UberMapViewRepresentable.swift in Sources */ = {isa = PBXBuildFile; fileRef = 946510972C37452F002C0128 /* UberMapViewRepresentable.swift */; };
		9465109A2C3749FD002C0128 /* LocationManager.swift in Sources */ = {isa = PBXBuildFile; fileRef = 946510992C3749FD002C0128 /* LocationManager.swift */; };
		946B1CED2C45079B00BBC8FC /* SettingsView.swift in Sources */ = {isa = PBXBuildFile; fileRef = 946B1CEC2C45079B00BBC8FC /* SettingsView.swift */; };
		946B1CF12C46C26F00BBC8FC /* HeaderInfoView.swift in Sources */ = {isa = PBXBuildFile; fileRef = 946B1CF02C46C26F00BBC8FC /* HeaderInfoView.swift */; };
		946B1CF32C46C43B00BBC8FC /* SavedLocationRowView.swift in Sources */ = {isa = PBXBuildFile; fileRef = 946B1CF22C46C43B00BBC8FC /* SavedLocationRowView.swift */; };
		946B1CF52C46C79F00BBC8FC /* SettingsRowView.swift in Sources */ = {isa = PBXBuildFile; fileRef = 946B1CF42C46C79F00BBC8FC /* SettingsRowView.swift */; };
		946B1CF72C47FF2D00BBC8FC /* SavedLocationViewModel.swift in Sources */ = {isa = PBXBuildFile; fileRef = 946B1CF62C47FF2D00BBC8FC /* SavedLocationViewModel.swift */; };
		946B1CF92C480AB200BBC8FC /* SavedLocationSearchView.swift in Sources */ = {isa = PBXBuildFile; fileRef = 946B1CF82C480AB200BBC8FC /* SavedLocationSearchView.swift */; };
		946B1CFB2C48221E00BBC8FC /* LocationSearchResultsView.swift in Sources */ = {isa = PBXBuildFile; fileRef = 946B1CFA2C48221E00BBC8FC /* LocationSearchResultsView.swift */; };
		946B1CFD2C487FD700BBC8FC /* SavedLocation.swift in Sources */ = {isa = PBXBuildFile; fileRef = 946B1CFC2C487FD700BBC8FC /* SavedLocation.swift */; };
/* End PBXBuildFile section */

/* Begin PBXFileReference section */
		944E39EA2C37F24000896E0E /* LocationSearchActivationView.swift */ = {isa = PBXFileReference; lastKnownFileType = sourcecode.swift; path = LocationSearchActivationView.swift; sourceTree = "<group>"; };
		944E39EC2C37F59500896E0E /* MapViewActionButton.swift */ = {isa = PBXFileReference; lastKnownFileType = sourcecode.swift; path = MapViewActionButton.swift; sourceTree = "<group>"; };
		944E39EE2C37F71B00896E0E /* LocationSearchView.swift */ = {isa = PBXFileReference; lastKnownFileType = sourcecode.swift; path = LocationSearchView.swift; sourceTree = "<group>"; };
		944E39F02C37FB2C00896E0E /* LocationSearchResultsCell.swift */ = {isa = PBXFileReference; lastKnownFileType = sourcecode.swift; path = LocationSearchResultsCell.swift; sourceTree = "<group>"; };
		944E39F22C38057000896E0E /* LocationSearchViewModel.swift */ = {isa = PBXFileReference; lastKnownFileType = sourcecode.swift; path = LocationSearchViewModel.swift; sourceTree = "<group>"; };
		944E39F42C3812CD00896E0E /* UberClone.xctestplan */ = {isa = PBXFileReference; lastKnownFileType = text; path = UberClone.xctestplan; sourceTree = "<group>"; };
		944E39F52C38C5D200896E0E /* MapViewState.swift */ = {isa = PBXFileReference; lastKnownFileType = sourcecode.swift; path = MapViewState.swift; sourceTree = "<group>"; };
		9452399D2C4FAF1800CB2BD6 /* DeveloperPreview.swift */ = {isa = PBXFileReference; lastKnownFileType = sourcecode.swift; path = DeveloperPreview.swift; sourceTree = "<group>"; };
		9452399F2C4FBC0200CB2BD6 /* HomeViewModel.swift */ = {isa = PBXFileReference; lastKnownFileType = sourcecode.swift; path = HomeViewModel.swift; sourceTree = "<group>"; };
		945E8E022C39D5B400078EC9 /* RideRequestView.swift */ = {isa = PBXFileReference; lastKnownFileType = sourcecode.swift; path = RideRequestView.swift; sourceTree = "<group>"; };
		945E8E042C3AF28A00078EC9 /* RideType.swift */ = {isa = PBXFileReference; lastKnownFileType = sourcecode.swift; path = RideType.swift; sourceTree = "<group>"; };
		945E8E062C3C790100078EC9 /* Double.swift */ = {isa = PBXFileReference; lastKnownFileType = sourcecode.swift; path = Double.swift; sourceTree = "<group>"; };
		945E8E082C3C872300078EC9 /* UberLocation.swift */ = {isa = PBXFileReference; lastKnownFileType = sourcecode.swift; path = UberLocation.swift; sourceTree = "<group>"; };
		945E8E0A2C3D9A0700078EC9 /* Color.swift */ = {isa = PBXFileReference; lastKnownFileType = sourcecode.swift; path = Color.swift; sourceTree = "<group>"; };
		945E8E0F2C3DBFAC00078EC9 /* LoginView.swift */ = {isa = PBXFileReference; lastKnownFileType = sourcecode.swift; path = LoginView.swift; sourceTree = "<group>"; };
		945E8E112C3DBFBA00078EC9 /* RegistrationView.swift */ = {isa = PBXFileReference; lastKnownFileType = sourcecode.swift; path = RegistrationView.swift; sourceTree = "<group>"; };
		945E8E142C401EBE00078EC9 /* CustomInputField.swift */ = {isa = PBXFileReference; lastKnownFileType = sourcecode.swift; path = CustomInputField.swift; sourceTree = "<group>"; };
		945E8E232C40656F00078EC9 /* GoogleService-Info.plist */ = {isa = PBXFileReference; fileEncoding = 4; lastKnownFileType = text.plist.xml; path = "GoogleService-Info.plist"; sourceTree = "<group>"; };
		945E8E252C4067DC00078EC9 /* AuthViewModel.swift */ = {isa = PBXFileReference; lastKnownFileType = sourcecode.swift; path = AuthViewModel.swift; sourceTree = "<group>"; };
		945E8E272C411B4000078EC9 /* User.swift */ = {isa = PBXFileReference; lastKnownFileType = sourcecode.swift; path = User.swift; sourceTree = "<group>"; };
		945E8E2C2C41AF2A00078EC9 /* SideMenuView.swift */ = {isa = PBXFileReference; lastKnownFileType = sourcecode.swift; path = SideMenuView.swift; sourceTree = "<group>"; };
		945E8E2E2C41C5AC00078EC9 /* SideMenuOptionViewModel.swift */ = {isa = PBXFileReference; lastKnownFileType = sourcecode.swift; path = SideMenuOptionViewModel.swift; sourceTree = "<group>"; };
		945E8E302C41CA1800078EC9 /* SideMenuOptionView.swift */ = {isa = PBXFileReference; lastKnownFileType = sourcecode.swift; path = SideMenuOptionView.swift; sourceTree = "<group>"; };
		9465107B2C3741FF002C0128 /* UberClone.app */ = {isa = PBXFileReference; explicitFileType = wrapper.application; includeInIndex = 0; path = UberClone.app; sourceTree = BUILT_PRODUCTS_DIR; };
		9465107E2C3741FF002C0128 /* UberCloneApp.swift */ = {isa = PBXFileReference; lastKnownFileType = sourcecode.swift; path = UberCloneApp.swift; sourceTree = "<group>"; };
		946510822C374200002C0128 /* Assets.xcassets */ = {isa = PBXFileReference; lastKnownFileType = folder.assetcatalog; path = Assets.xcassets; sourceTree = "<group>"; };
		946510852C374200002C0128 /* Preview Assets.xcassets */ = {isa = PBXFileReference; lastKnownFileType = folder.assetcatalog; path = "Preview Assets.xcassets"; sourceTree = "<group>"; };
		946510952C37442E002C0128 /* HomeView.swift */ = {isa = PBXFileReference; lastKnownFileType = sourcecode.swift; path = HomeView.swift; sourceTree = "<group>"; };
		946510972C37452F002C0128 /* UberMapViewRepresentable.swift */ = {isa = PBXFileReference; lastKnownFileType = sourcecode.swift; path = UberMapViewRepresentable.swift; sourceTree = "<group>"; };
		946510992C3749FD002C0128 /* LocationManager.swift */ = {isa = PBXFileReference; lastKnownFileType = sourcecode.swift; path = LocationManager.swift; sourceTree = "<group>"; };
		9465109B2C374BE4002C0128 /* Info.plist */ = {isa = PBXFileReference; lastKnownFileType = text.plist; path = Info.plist; sourceTree = "<group>"; };
		946B1CEC2C45079B00BBC8FC /* SettingsView.swift */ = {isa = PBXFileReference; lastKnownFileType = sourcecode.swift; path = SettingsView.swift; sourceTree = "<group>"; };
		946B1CF02C46C26F00BBC8FC /* HeaderInfoView.swift */ = {isa = PBXFileReference; lastKnownFileType = sourcecode.swift; path = HeaderInfoView.swift; sourceTree = "<group>"; };
		946B1CF22C46C43B00BBC8FC /* SavedLocationRowView.swift */ = {isa = PBXFileReference; lastKnownFileType = sourcecode.swift; path = SavedLocationRowView.swift; sourceTree = "<group>"; };
		946B1CF42C46C79F00BBC8FC /* SettingsRowView.swift */ = {isa = PBXFileReference; lastKnownFileType = sourcecode.swift; path = SettingsRowView.swift; sourceTree = "<group>"; };
		946B1CF62C47FF2D00BBC8FC /* SavedLocationViewModel.swift */ = {isa = PBXFileReference; lastKnownFileType = sourcecode.swift; path = SavedLocationViewModel.swift; sourceTree = "<group>"; };
		946B1CF82C480AB200BBC8FC /* SavedLocationSearchView.swift */ = {isa = PBXFileReference; lastKnownFileType = sourcecode.swift; path = SavedLocationSearchView.swift; sourceTree = "<group>"; };
		946B1CFA2C48221E00BBC8FC /* LocationSearchResultsView.swift */ = {isa = PBXFileReference; lastKnownFileType = sourcecode.swift; path = LocationSearchResultsView.swift; sourceTree = "<group>"; };
		946B1CFC2C487FD700BBC8FC /* SavedLocation.swift */ = {isa = PBXFileReference; lastKnownFileType = sourcecode.swift; path = SavedLocation.swift; sourceTree = "<group>"; };
/* End PBXFileReference section */

/* Begin PBXFrameworksBuildPhase section */
		946510782C3741FF002C0128 /* Frameworks */ = {
			isa = PBXFrameworksBuildPhase;
			buildActionMask = 2147483647;
			files = (
				945E8E1C2C4060F800078EC9 /* FirebaseAuth in Frameworks */,
				945E8E222C4060F800078EC9 /* FirebaseStorage in Frameworks */,
				945E8E1E2C4060F800078EC9 /* FirebaseFirestore in Frameworks */,
				945E8E202C4060F800078EC9 /* FirebaseFirestoreSwift in Frameworks */,
			);
			runOnlyForDeploymentPostprocessing = 0;
		};
/* End PBXFrameworksBuildPhase section */

/* Begin PBXGroup section */
		944E39E62C37F17900896E0E /* Home */ = {
			isa = PBXGroup;
			children = (
				946510912C3743E5002C0128 /* ViewModel */,
				946510922C3743F3002C0128 /* Views */,
			);
			path = Home;
			sourceTree = "<group>";
		};
		944E39E72C37F1B000896E0E /* LocationSearch */ = {
			isa = PBXGroup;
			children = (
				944E39E92C37F1EB00896E0E /* ViewModel */,
				944E39E82C37F1CC00896E0E /* Views */,
			);
			path = LocationSearch;
			sourceTree = "<group>";
		};
		944E39E82C37F1CC00896E0E /* Views */ = {
			isa = PBXGroup;
			children = (
				944E39EA2C37F24000896E0E /* LocationSearchActivationView.swift */,
				944E39EE2C37F71B00896E0E /* LocationSearchView.swift */,
				944E39F02C37FB2C00896E0E /* LocationSearchResultsCell.swift */,
				946B1CF82C480AB200BBC8FC /* SavedLocationSearchView.swift */,
			);
			path = Views;
			sourceTree = "<group>";
		};
		944E39E92C37F1EB00896E0E /* ViewModel */ = {
			isa = PBXGroup;
			children = (
				944E39F22C38057000896E0E /* LocationSearchViewModel.swift */,
			);
			path = ViewModel;
			sourceTree = "<group>";
		};
		945E8E012C39D59200078EC9 /* Trips */ = {
			isa = PBXGroup;
			children = (
				945E8E022C39D5B400078EC9 /* RideRequestView.swift */,
			);
			path = Trips;
			sourceTree = "<group>";
		};
		945E8E0C2C3DBF5900078EC9 /* Authentication */ = {
			isa = PBXGroup;
			children = (
				945E8E0E2C3DBF8E00078EC9 /* Views */,
				945E8E0D2C3DBF8200078EC9 /* ViewModels */,
			);
			path = Authentication;
			sourceTree = "<group>";
		};
		945E8E0D2C3DBF8200078EC9 /* ViewModels */ = {
			isa = PBXGroup;
			children = (
				945E8E252C4067DC00078EC9 /* AuthViewModel.swift */,
			);
			path = ViewModels;
			sourceTree = "<group>";
		};
		945E8E0E2C3DBF8E00078EC9 /* Views */ = {
			isa = PBXGroup;
			children = (
				945E8E0F2C3DBFAC00078EC9 /* LoginView.swift */,
				945E8E112C3DBFBA00078EC9 /* RegistrationView.swift */,
			);
			path = Views;
			sourceTree = "<group>";
		};
		945E8E132C401E9200078EC9 /* ReusableItems */ = {
			isa = PBXGroup;
			children = (
				945E8E142C401EBE00078EC9 /* CustomInputField.swift */,
				946B1CF02C46C26F00BBC8FC /* HeaderInfoView.swift */,
				946B1CF22C46C43B00BBC8FC /* SavedLocationRowView.swift */,
				946B1CF42C46C79F00BBC8FC /* SettingsRowView.swift */,
				946B1CFA2C48221E00BBC8FC /* LocationSearchResultsView.swift */,
			);
			path = ReusableItems;
			sourceTree = "<group>";
		};
		945E8E292C41AECB00078EC9 /* SideMenu */ = {
			isa = PBXGroup;
			children = (
				945E8E2B2C41AF0400078EC9 /* Views */,
				945E8E2A2C41AEEB00078EC9 /* ViewModel */,
			);
			path = SideMenu;
			sourceTree = "<group>";
		};
		945E8E2A2C41AEEB00078EC9 /* ViewModel */ = {
			isa = PBXGroup;
			children = (
				945E8E2E2C41C5AC00078EC9 /* SideMenuOptionViewModel.swift */,
			);
			path = ViewModel;
			sourceTree = "<group>";
		};
		945E8E2B2C41AF0400078EC9 /* Views */ = {
			isa = PBXGroup;
			children = (
				945E8E2C2C41AF2A00078EC9 /* SideMenuView.swift */,
				945E8E302C41CA1800078EC9 /* SideMenuOptionView.swift */,
			);
			path = Views;
			sourceTree = "<group>";
		};
		946510722C3741FF002C0128 = {
			isa = PBXGroup;
			children = (
				944E39F42C3812CD00896E0E /* UberClone.xctestplan */,
				9465107D2C3741FF002C0128 /* UberClone */,
				9465107C2C3741FF002C0128 /* Products */,
			);
			sourceTree = "<group>";
		};
		9465107C2C3741FF002C0128 /* Products */ = {
			isa = PBXGroup;
			children = (
				9465107B2C3741FF002C0128 /* UberClone.app */,
			);
			name = Products;
			sourceTree = "<group>";
		};
		9465107D2C3741FF002C0128 /* UberClone */ = {
			isa = PBXGroup;
			children = (
				945E8E232C40656F00078EC9 /* GoogleService-Info.plist */,
				945E8E132C401E9200078EC9 /* ReusableItems */,
				9465109B2C374BE4002C0128 /* Info.plist */,
				946510902C3742C8002C0128 /* App */,
				9465108F2C3742C1002C0128 /* Core */,
				9465108E2C3742BE002C0128 /* Extensions */,
				9465108D2C3742BA002C0128 /* Managers */,
				9465108C2C3742A7002C0128 /* Models */,
				946510822C374200002C0128 /* Assets.xcassets */,
				946510842C374200002C0128 /* Preview Content */,
			);
			path = UberClone;
			sourceTree = "<group>";
		};
		946510842C374200002C0128 /* Preview Content */ = {
			isa = PBXGroup;
			children = (
				946510852C374200002C0128 /* Preview Assets.xcassets */,
			);
			path = "Preview Content";
			sourceTree = "<group>";
		};
		9465108C2C3742A7002C0128 /* Models */ = {
			isa = PBXGroup;
			children = (
				944E39F52C38C5D200896E0E /* MapViewState.swift */,
				945E8E042C3AF28A00078EC9 /* RideType.swift */,
				945E8E082C3C872300078EC9 /* UberLocation.swift */,
				945E8E272C411B4000078EC9 /* User.swift */,
				946B1CFC2C487FD700BBC8FC /* SavedLocation.swift */,
			);
			path = Models;
			sourceTree = "<group>";
		};
		9465108D2C3742BA002C0128 /* Managers */ = {
			isa = PBXGroup;
			children = (
				946510992C3749FD002C0128 /* LocationManager.swift */,
			);
			path = Managers;
			sourceTree = "<group>";
		};
		9465108E2C3742BE002C0128 /* Extensions */ = {
			isa = PBXGroup;
			children = (
				945E8E062C3C790100078EC9 /* Double.swift */,
				945E8E0A2C3D9A0700078EC9 /* Color.swift */,
				9452399D2C4FAF1800CB2BD6 /* DeveloperPreview.swift */,
			);
			path = Extensions;
			sourceTree = "<group>";
		};
		9465108F2C3742C1002C0128 /* Core */ = {
			isa = PBXGroup;
			children = (
				946B1CEB2C45076100BBC8FC /* Settings */,
				945E8E292C41AECB00078EC9 /* SideMenu */,
				945E8E0C2C3DBF5900078EC9 /* Authentication */,
				945E8E012C39D59200078EC9 /* Trips */,
				944E39E72C37F1B000896E0E /* LocationSearch */,
				944E39E62C37F17900896E0E /* Home */,
			);
			path = Core;
			sourceTree = "<group>";
		};
		946510902C3742C8002C0128 /* App */ = {
			isa = PBXGroup;
			children = (
				9465107E2C3741FF002C0128 /* UberCloneApp.swift */,
			);
			path = App;
			sourceTree = "<group>";
		};
		946510912C3743E5002C0128 /* ViewModel */ = {
			isa = PBXGroup;
			children = (
				9452399F2C4FBC0200CB2BD6 /* HomeViewModel.swift */,
			);
			path = ViewModel;
			sourceTree = "<group>";
		};
		946510922C3743F3002C0128 /* Views */ = {
			isa = PBXGroup;
			children = (
				946510952C37442E002C0128 /* HomeView.swift */,
				946510972C37452F002C0128 /* UberMapViewRepresentable.swift */,
				944E39EC2C37F59500896E0E /* MapViewActionButton.swift */,
			);
			path = Views;
			sourceTree = "<group>";
		};
		946B1CEB2C45076100BBC8FC /* Settings */ = {
			isa = PBXGroup;
			children = (
				946B1CEF2C4507C000BBC8FC /* Views */,
				946B1CEE2C4507B500BBC8FC /* ViewModel */,
			);
			path = Settings;
			sourceTree = "<group>";
		};
		946B1CEE2C4507B500BBC8FC /* ViewModel */ = {
			isa = PBXGroup;
			children = (
				946B1CF62C47FF2D00BBC8FC /* SavedLocationViewModel.swift */,
			);
			path = ViewModel;
			sourceTree = "<group>";
		};
		946B1CEF2C4507C000BBC8FC /* Views */ = {
			isa = PBXGroup;
			children = (
				946B1CEC2C45079B00BBC8FC /* SettingsView.swift */,
			);
			path = Views;
			sourceTree = "<group>";
		};
/* End PBXGroup section */

/* Begin PBXNativeTarget section */
		9465107A2C3741FF002C0128 /* UberClone */ = {
			isa = PBXNativeTarget;
			buildConfigurationList = 946510892C374200002C0128 /* Build configuration list for PBXNativeTarget "UberClone" */;
			buildPhases = (
				946510772C3741FF002C0128 /* Sources */,
				946510782C3741FF002C0128 /* Frameworks */,
				946510792C3741FF002C0128 /* Resources */,
			);
			buildRules = (
			);
			dependencies = (
			);
			name = UberClone;
			packageProductDependencies = (
				945E8E1B2C4060F800078EC9 /* FirebaseAuth */,
				945E8E1D2C4060F800078EC9 /* FirebaseFirestore */,
				945E8E1F2C4060F800078EC9 /* FirebaseFirestoreSwift */,
				945E8E212C4060F800078EC9 /* FirebaseStorage */,
			);
			productName = UberClone;
			productReference = 9465107B2C3741FF002C0128 /* UberClone.app */;
			productType = "com.apple.product-type.application";
		};
/* End PBXNativeTarget section */

/* Begin PBXProject section */
		946510732C3741FF002C0128 /* Project object */ = {
			isa = PBXProject;
			attributes = {
				BuildIndependentTargetsInParallel = 1;
				LastSwiftUpdateCheck = 1430;
				LastUpgradeCheck = 1430;
				TargetAttributes = {
					9465107A2C3741FF002C0128 = {
						CreatedOnToolsVersion = 14.3.1;
					};
				};
			};
			buildConfigurationList = 946510762C3741FF002C0128 /* Build configuration list for PBXProject "UberClone" */;
			compatibilityVersion = "Xcode 14.0";
			developmentRegion = en;
			hasScannedForEncodings = 0;
			knownRegions = (
				en,
				Base,
			);
			mainGroup = 946510722C3741FF002C0128;
			packageReferences = (
				945E8E1A2C4060F800078EC9 /* XCRemoteSwiftPackageReference "firebase-ios-sdk" */,
			);
			productRefGroup = 9465107C2C3741FF002C0128 /* Products */;
			projectDirPath = "";
			projectRoot = "";
			targets = (
				9465107A2C3741FF002C0128 /* UberClone */,
			);
		};
/* End PBXProject section */

/* Begin PBXResourcesBuildPhase section */
		946510792C3741FF002C0128 /* Resources */ = {
			isa = PBXResourcesBuildPhase;
			buildActionMask = 2147483647;
			files = (
				946510862C374200002C0128 /* Preview Assets.xcassets in Resources */,
				946510832C374200002C0128 /* Assets.xcassets in Resources */,
				945E8E242C40656F00078EC9 /* GoogleService-Info.plist in Resources */,
			);
			runOnlyForDeploymentPostprocessing = 0;
		};
/* End PBXResourcesBuildPhase section */

/* Begin PBXSourcesBuildPhase section */
		946510772C3741FF002C0128 /* Sources */ = {
			isa = PBXSourcesBuildPhase;
			buildActionMask = 2147483647;
			files = (
				944E39F32C38057000896E0E /* LocationSearchViewModel.swift in Sources */,
				945239A02C4FBC0200CB2BD6 /* HomeViewModel.swift in Sources */,
				944E39EF2C37F71B00896E0E /* LocationSearchView.swift in Sources */,
				9465109A2C3749FD002C0128 /* LocationManager.swift in Sources */,
				945E8E2F2C41C5AC00078EC9 /* SideMenuOptionViewModel.swift in Sources */,
				945E8E032C39D5B400078EC9 /* RideRequestView.swift in Sources */,
				945E8E072C3C790100078EC9 /* Double.swift in Sources */,
				946B1CFD2C487FD700BBC8FC /* SavedLocation.swift in Sources */,
				945E8E122C3DBFBA00078EC9 /* RegistrationView.swift in Sources */,
				945E8E262C4067DC00078EC9 /* AuthViewModel.swift in Sources */,
				944E39F62C38C5D200896E0E /* MapViewState.swift in Sources */,
				946B1CED2C45079B00BBC8FC /* SettingsView.swift in Sources */,
				946B1CF92C480AB200BBC8FC /* SavedLocationSearchView.swift in Sources */,
				946B1CF12C46C26F00BBC8FC /* HeaderInfoView.swift in Sources */,
				945E8E282C411B4000078EC9 /* User.swift in Sources */,
				944E39ED2C37F59500896E0E /* MapViewActionButton.swift in Sources */,
				944E39F12C37FB2C00896E0E /* LocationSearchResultsCell.swift in Sources */,
				945E8E0B2C3D9A0700078EC9 /* Color.swift in Sources */,
				945E8E312C41CA1800078EC9 /* SideMenuOptionView.swift in Sources */,
				9465107F2C3741FF002C0128 /* UberCloneApp.swift in Sources */,
				946510982C37452F002C0128 /* UberMapViewRepresentable.swift in Sources */,
				945E8E092C3C872300078EC9 /* UberLocation.swift in Sources */,
				946B1CFB2C48221E00BBC8FC /* LocationSearchResultsView.swift in Sources */,
				945E8E2D2C41AF2A00078EC9 /* SideMenuView.swift in Sources */,
				946B1CF32C46C43B00BBC8FC /* SavedLocationRowView.swift in Sources */,
				946510962C37442E002C0128 /* HomeView.swift in Sources */,
				9452399E2C4FAF1800CB2BD6 /* DeveloperPreview.swift in Sources */,
				944E39EB2C37F24000896E0E /* LocationSearchActivationView.swift in Sources */,
				945E8E102C3DBFAC00078EC9 /* LoginView.swift in Sources */,
				945E8E152C401EBE00078EC9 /* CustomInputField.swift in Sources */,
				945E8E052C3AF28A00078EC9 /* RideType.swift in Sources */,
				946B1CF52C46C79F00BBC8FC /* SettingsRowView.swift in Sources */,
				946B1CF72C47FF2D00BBC8FC /* SavedLocationViewModel.swift in Sources */,
			);
			runOnlyForDeploymentPostprocessing = 0;
		};
/* End PBXSourcesBuildPhase section */

/* Begin XCBuildConfiguration section */
		946510872C374200002C0128 /* Debug */ = {
			isa = XCBuildConfiguration;
			buildSettings = {
				ALWAYS_SEARCH_USER_PATHS = NO;
				CLANG_ANALYZER_NONNULL = YES;
				CLANG_ANALYZER_NUMBER_OBJECT_CONVERSION = YES_AGGRESSIVE;
				CLANG_CXX_LANGUAGE_STANDARD = "gnu++20";
				CLANG_ENABLE_MODULES = YES;
				CLANG_ENABLE_OBJC_ARC = YES;
				CLANG_ENABLE_OBJC_WEAK = YES;
				CLANG_WARN_BLOCK_CAPTURE_AUTORELEASING = YES;
				CLANG_WARN_BOOL_CONVERSION = YES;
				CLANG_WARN_COMMA = YES;
				CLANG_WARN_CONSTANT_CONVERSION = YES;
				CLANG_WARN_DEPRECATED_OBJC_IMPLEMENTATIONS = YES;
				CLANG_WARN_DIRECT_OBJC_ISA_USAGE = YES_ERROR;
				CLANG_WARN_DOCUMENTATION_COMMENTS = YES;
				CLANG_WARN_EMPTY_BODY = YES;
				CLANG_WARN_ENUM_CONVERSION = YES;
				CLANG_WARN_INFINITE_RECURSION = YES;
				CLANG_WARN_INT_CONVERSION = YES;
				CLANG_WARN_NON_LITERAL_NULL_CONVERSION = YES;
				CLANG_WARN_OBJC_IMPLICIT_RETAIN_SELF = YES;
				CLANG_WARN_OBJC_LITERAL_CONVERSION = YES;
				CLANG_WARN_OBJC_ROOT_CLASS = YES_ERROR;
				CLANG_WARN_QUOTED_INCLUDE_IN_FRAMEWORK_HEADER = YES;
				CLANG_WARN_RANGE_LOOP_ANALYSIS = YES;
				CLANG_WARN_STRICT_PROTOTYPES = YES;
				CLANG_WARN_SUSPICIOUS_MOVE = YES;
				CLANG_WARN_UNGUARDED_AVAILABILITY = YES_AGGRESSIVE;
				CLANG_WARN_UNREACHABLE_CODE = YES;
				CLANG_WARN__DUPLICATE_METHOD_MATCH = YES;
				COPY_PHASE_STRIP = NO;
				DEBUG_INFORMATION_FORMAT = dwarf;
				ENABLE_STRICT_OBJC_MSGSEND = YES;
				ENABLE_TESTABILITY = YES;
				GCC_C_LANGUAGE_STANDARD = gnu11;
				GCC_DYNAMIC_NO_PIC = NO;
				GCC_NO_COMMON_BLOCKS = YES;
				GCC_OPTIMIZATION_LEVEL = 0;
				GCC_PREPROCESSOR_DEFINITIONS = (
					"DEBUG=1",
					"$(inherited)",
				);
				GCC_WARN_64_TO_32_BIT_CONVERSION = YES;
				GCC_WARN_ABOUT_RETURN_TYPE = YES_ERROR;
				GCC_WARN_UNDECLARED_SELECTOR = YES;
				GCC_WARN_UNINITIALIZED_AUTOS = YES_AGGRESSIVE;
				GCC_WARN_UNUSED_FUNCTION = YES;
				GCC_WARN_UNUSED_VARIABLE = YES;
				IPHONEOS_DEPLOYMENT_TARGET = 16.4;
				MTL_ENABLE_DEBUG_INFO = INCLUDE_SOURCE;
				MTL_FAST_MATH = YES;
				ONLY_ACTIVE_ARCH = YES;
				SDKROOT = iphoneos;
				SWIFT_ACTIVE_COMPILATION_CONDITIONS = DEBUG;
				SWIFT_OPTIMIZATION_LEVEL = "-Onone";
			};
			name = Debug;
		};
		946510882C374200002C0128 /* Release */ = {
			isa = XCBuildConfiguration;
			buildSettings = {
				ALWAYS_SEARCH_USER_PATHS = NO;
				CLANG_ANALYZER_NONNULL = YES;
				CLANG_ANALYZER_NUMBER_OBJECT_CONVERSION = YES_AGGRESSIVE;
				CLANG_CXX_LANGUAGE_STANDARD = "gnu++20";
				CLANG_ENABLE_MODULES = YES;
				CLANG_ENABLE_OBJC_ARC = YES;
				CLANG_ENABLE_OBJC_WEAK = YES;
				CLANG_WARN_BLOCK_CAPTURE_AUTORELEASING = YES;
				CLANG_WARN_BOOL_CONVERSION = YES;
				CLANG_WARN_COMMA = YES;
				CLANG_WARN_CONSTANT_CONVERSION = YES;
				CLANG_WARN_DEPRECATED_OBJC_IMPLEMENTATIONS = YES;
				CLANG_WARN_DIRECT_OBJC_ISA_USAGE = YES_ERROR;
				CLANG_WARN_DOCUMENTATION_COMMENTS = YES;
				CLANG_WARN_EMPTY_BODY = YES;
				CLANG_WARN_ENUM_CONVERSION = YES;
				CLANG_WARN_INFINITE_RECURSION = YES;
				CLANG_WARN_INT_CONVERSION = YES;
				CLANG_WARN_NON_LITERAL_NULL_CONVERSION = YES;
				CLANG_WARN_OBJC_IMPLICIT_RETAIN_SELF = YES;
				CLANG_WARN_OBJC_LITERAL_CONVERSION = YES;
				CLANG_WARN_OBJC_ROOT_CLASS = YES_ERROR;
				CLANG_WARN_QUOTED_INCLUDE_IN_FRAMEWORK_HEADER = YES;
				CLANG_WARN_RANGE_LOOP_ANALYSIS = YES;
				CLANG_WARN_STRICT_PROTOTYPES = YES;
				CLANG_WARN_SUSPICIOUS_MOVE = YES;
				CLANG_WARN_UNGUARDED_AVAILABILITY = YES_AGGRESSIVE;
				CLANG_WARN_UNREACHABLE_CODE = YES;
				CLANG_WARN__DUPLICATE_METHOD_MATCH = YES;
				COPY_PHASE_STRIP = NO;
				DEBUG_INFORMATION_FORMAT = "dwarf-with-dsym";
				ENABLE_NS_ASSERTIONS = NO;
				ENABLE_STRICT_OBJC_MSGSEND = YES;
				GCC_C_LANGUAGE_STANDARD = gnu11;
				GCC_NO_COMMON_BLOCKS = YES;
				GCC_WARN_64_TO_32_BIT_CONVERSION = YES;
				GCC_WARN_ABOUT_RETURN_TYPE = YES_ERROR;
				GCC_WARN_UNDECLARED_SELECTOR = YES;
				GCC_WARN_UNINITIALIZED_AUTOS = YES_AGGRESSIVE;
				GCC_WARN_UNUSED_FUNCTION = YES;
				GCC_WARN_UNUSED_VARIABLE = YES;
				IPHONEOS_DEPLOYMENT_TARGET = 16.4;
				MTL_ENABLE_DEBUG_INFO = NO;
				MTL_FAST_MATH = YES;
				SDKROOT = iphoneos;
				SWIFT_COMPILATION_MODE = wholemodule;
				SWIFT_OPTIMIZATION_LEVEL = "-O";
				VALIDATE_PRODUCT = YES;
			};
			name = Release;
		};
		9465108A2C374200002C0128 /* Debug */ = {
			isa = XCBuildConfiguration;
			buildSettings = {
				ASSETCATALOG_COMPILER_APPICON_NAME = AppIcon;
				ASSETCATALOG_COMPILER_GLOBAL_ACCENT_COLOR_NAME = AccentColor;
				CODE_SIGN_STYLE = Automatic;
				CURRENT_PROJECT_VERSION = 1;
				DEVELOPMENT_ASSET_PATHS = "\"UberClone/Preview Content\"";
				ENABLE_PREVIEWS = YES;
				GENERATE_INFOPLIST_FILE = YES;
				INFOPLIST_FILE = UberClone/Info.plist;
				INFOPLIST_KEY_NSLocationWhenInUseUsageDescription = "Please allow us to find your location to find you nearby drivers";
				INFOPLIST_KEY_UIApplicationSceneManifest_Generation = YES;
				INFOPLIST_KEY_UIApplicationSupportsIndirectInputEvents = YES;
				INFOPLIST_KEY_UILaunchScreen_Generation = YES;
				INFOPLIST_KEY_UISupportedInterfaceOrientations_iPad = "UIInterfaceOrientationPortrait UIInterfaceOrientationPortraitUpsideDown UIInterfaceOrientationLandscapeLeft UIInterfaceOrientationLandscapeRight";
				INFOPLIST_KEY_UISupportedInterfaceOrientations_iPhone = "UIInterfaceOrientationPortrait UIInterfaceOrientationLandscapeLeft UIInterfaceOrientationLandscapeRight";
				LD_RUNPATH_SEARCH_PATHS = (
					"$(inherited)",
					"@executable_path/Frameworks",
				);
				MARKETING_VERSION = 1.0;
				PRODUCT_BUNDLE_IDENTIFIER = j.UberClone;
				PRODUCT_NAME = "$(TARGET_NAME)";
				SWIFT_EMIT_LOC_STRINGS = YES;
				SWIFT_VERSION = 5.0;
				TARGETED_DEVICE_FAMILY = "1,2";
			};
			name = Debug;
		};
		9465108B2C374200002C0128 /* Release */ = {
			isa = XCBuildConfiguration;
			buildSettings = {
				ASSETCATALOG_COMPILER_APPICON_NAME = AppIcon;
				ASSETCATALOG_COMPILER_GLOBAL_ACCENT_COLOR_NAME = AccentColor;
				CODE_SIGN_STYLE = Automatic;
				CURRENT_PROJECT_VERSION = 1;
				DEVELOPMENT_ASSET_PATHS = "\"UberClone/Preview Content\"";
				ENABLE_PREVIEWS = YES;
				GENERATE_INFOPLIST_FILE = YES;
				INFOPLIST_FILE = UberClone/Info.plist;
				INFOPLIST_KEY_NSLocationWhenInUseUsageDescription = "Please allow us to find your location to find you nearby drivers";
				INFOPLIST_KEY_UIApplicationSceneManifest_Generation = YES;
				INFOPLIST_KEY_UIApplicationSupportsIndirectInputEvents = YES;
				INFOPLIST_KEY_UILaunchScreen_Generation = YES;
				INFOPLIST_KEY_UISupportedInterfaceOrientations_iPad = "UIInterfaceOrientationPortrait UIInterfaceOrientationPortraitUpsideDown UIInterfaceOrientationLandscapeLeft UIInterfaceOrientationLandscapeRight";
				INFOPLIST_KEY_UISupportedInterfaceOrientations_iPhone = "UIInterfaceOrientationPortrait UIInterfaceOrientationLandscapeLeft UIInterfaceOrientationLandscapeRight";
				LD_RUNPATH_SEARCH_PATHS = (
					"$(inherited)",
					"@executable_path/Frameworks",
				);
				MARKETING_VERSION = 1.0;
				PRODUCT_BUNDLE_IDENTIFIER = j.UberClone;
				PRODUCT_NAME = "$(TARGET_NAME)";
				SWIFT_EMIT_LOC_STRINGS = YES;
				SWIFT_VERSION = 5.0;
				TARGETED_DEVICE_FAMILY = "1,2";
			};
			name = Release;
		};
/* End XCBuildConfiguration section */

/* Begin XCConfigurationList section */
		946510762C3741FF002C0128 /* Build configuration list for PBXProject "UberClone" */ = {
			isa = XCConfigurationList;
			buildConfigurations = (
				946510872C374200002C0128 /* Debug */,
				946510882C374200002C0128 /* Release */,
			);
			defaultConfigurationIsVisible = 0;
			defaultConfigurationName = Release;
		};
		946510892C374200002C0128 /* Build configuration list for PBXNativeTarget "UberClone" */ = {
			isa = XCConfigurationList;
			buildConfigurations = (
				9465108A2C374200002C0128 /* Debug */,
				9465108B2C374200002C0128 /* Release */,
			);
			defaultConfigurationIsVisible = 0;
			defaultConfigurationName = Release;
		};
/* End XCConfigurationList section */

/* Begin XCRemoteSwiftPackageReference section */
		945E8E1A2C4060F800078EC9 /* XCRemoteSwiftPackageReference "firebase-ios-sdk" */ = {
			isa = XCRemoteSwiftPackageReference;
			repositoryURL = "https://github.com/firebase/firebase-ios-sdk.git";
			requirement = {
				kind = upToNextMajorVersion;
				minimumVersion = 10.0.0;
			};
		};
/* End XCRemoteSwiftPackageReference section */

/* Begin XCSwiftPackageProductDependency section */
		945E8E1B2C4060F800078EC9 /* FirebaseAuth */ = {
			isa = XCSwiftPackageProductDependency;
			package = 945E8E1A2C4060F800078EC9 /* XCRemoteSwiftPackageReference "firebase-ios-sdk" */;
			productName = FirebaseAuth;
		};
		945E8E1D2C4060F800078EC9 /* FirebaseFirestore */ = {
			isa = XCSwiftPackageProductDependency;
			package = 945E8E1A2C4060F800078EC9 /* XCRemoteSwiftPackageReference "firebase-ios-sdk" */;
			productName = FirebaseFirestore;
		};
		945E8E1F2C4060F800078EC9 /* FirebaseFirestoreSwift */ = {
			isa = XCSwiftPackageProductDependency;
			package = 945E8E1A2C4060F800078EC9 /* XCRemoteSwiftPackageReference "firebase-ios-sdk" */;
			productName = FirebaseFirestoreSwift;
		};
		945E8E212C4060F800078EC9 /* FirebaseStorage */ = {
			isa = XCSwiftPackageProductDependency;
			package = 945E8E1A2C4060F800078EC9 /* XCRemoteSwiftPackageReference "firebase-ios-sdk" */;
			productName = FirebaseStorage;
		};
/* End XCSwiftPackageProductDependency section */
	};
	rootObject = 946510732C3741FF002C0128 /* Project object */;
}
